PODS:
  - IUExtensions (0.1.0)

DEPENDENCIES:
  - IUExtensions (from `../IUExtensions`)

EXTERNAL SOURCES:
  IUExtensions:
    :path: "../IUExtensions"

SPEC CHECKSUMS:
  IUExtensions: a9d4184d56094deca562672dbe3e1441d8d2fce3

PODFILE CHECKSUM: 2dd7b1a42732e00a1bf7c8b65d9d9996d0361c58

COCOAPODS: 1.2.0
