PODS:
  - AppcidCocoaUtil (0.2.1)

DEPENDENCIES:
  - AppcidCocoaUtil (from `../AppcidCocoaUtil`)

EXTERNAL SOURCES:
  AppcidCocoaUtil:
    :path: "../AppcidCocoaUtil"

SPEC CHECKSUMS:
  AppcidCocoaUtil: 1411e32229439b05b2a316a380af595a5acaa7f4

PODFILE CHECKSUM: c5b8a3f275dbb1ad31ea0b888998025a87961eae

COCOAPODS: 1.1.1
